{
  "name": "fixture-selected",
  "lockfileVersion": 3,
  "requires": true,
  "packages": {
    "": {
      "name": "fixture-selected",
      "dependencies": {
        "@sentropic/cluster-mesh": "file:../sentropic-cluster-mesh-0.12.0.tgz",
        "@sentropic/llm-gateway": "0.18.0",
        "@sentropic/llm-mesh": "0.21.2",
        "@sentropic/mcp-auth": "0.2.1",
        "hono": "4.13.9",
        "jose": "5.10.0"
      }
    },
    "node_modules/@sentropic/cluster-mesh": {
      "version": "0.12.0",
      "resolved": "file:../sentropic-cluster-mesh-0.12.0.tgz",
      "license": "MIT",
      "dependencies": {
        "@sentropic/contracts": "^0.3.0",
        "@sentropic/events": "^0.2.0",
        "hono": "^4.10.7"
      },
      "peerDependencies": {
        "@sentropic/auth-hono": "^0.15.0",
        "@sentropic/llm-gateway": ">=0.18.0 <0.19.0",
        "@sentropic/llm-mesh": ">=0.21.2 <0.22.0",
        "@sentropic/mcp-auth": ">=0.2.1 <0.3.0",
        "jose": "^5.10.0"
      },
      "peerDependenciesMeta": {
        "@sentropic/auth-hono": {
          "optional": true
        },
        "@sentropic/llm-gateway": {
          "optional": true
        },
        "@sentropic/llm-mesh": {
          "optional": true
        },
        "@sentropic/mcp-auth": {
          "optional": true
        },
        "jose": {
          "optional": true
        }
      }
    },
    "node_modules/@sentropic/contracts": {
      "version": "0.3.0",
      "resolved": "https://registry.npmjs.org/@sentropic/contracts/-/contracts-0.3.0.tgz",
      "integrity": "sha512-vhZ0u0p4vaJBLqwHNZDtc9FuU0eYQh6+nNuFdT3Lm8y+rl3TEdClEyQINIJlf984U+OvobU4ybS6ljKltk5LsQ==",
      "license": "MIT"
    },
    "node_modules/@sentropic/events": {
      "version": "0.2.1",
      "resolved": "https://registry.npmjs.org/@sentropic/events/-/events-0.2.1.tgz",
      "integrity": "sha512-c8tR4CLY+S7Rv1fActZLoD0zFMOauaIVMTQMpYRZVCtAPAh7QZZZKWXYvCxlvxIobtVq08NBa/J5dAWSVC+kyw==",
      "license": "MIT",
      "dependencies": {
        "@sentropic/contracts": "^0.3.0"
      }
    },
    "node_modules/@sentropic/llm-gateway": {
      "version": "0.18.0",
      "resolved": "https://registry.npmjs.org/@sentropic/llm-gateway/-/llm-gateway-0.18.0.tgz",
      "integrity": "sha512-fc8Ff4JiDAc7U8W8bydvGaFOkd7JFX1IIEZY6LhumQF8JXNWki1t4cRNT34EzISsyBWu7bH1cndJIRumlIGX1w==",
      "license": "MIT",
      "dependencies": {
        "@sentropic/llm-mesh": "^0.21.2",
        "hono": "^4.10.7"
      },
      "peerDependencies": {
        "@sentropic/auth-hono": "^0.15.0",
        "@sentropic/mcp-auth": "^0.2.1",
        "jose": "^5.10.0"
      },
      "peerDependenciesMeta": {
        "@sentropic/auth-hono": {
          "optional": true
        },
        "@sentropic/mcp-auth": {
          "optional": true
        },
        "jose": {
          "optional": true
        }
      }
    },
    "node_modules/@sentropic/llm-mesh": {
      "version": "0.21.2",
      "resolved": "https://registry.npmjs.org/@sentropic/llm-mesh/-/llm-mesh-0.21.2.tgz",
      "integrity": "sha512-2FD7tD6LrNPIYwnXMA3wYmaCmaFvgpVAn8moY+KXL4blhQovtqavPGfsRcFouidNpv6HFg6CQfmBK9Kt2ACApw==",
      "license": "MIT"
    },
    "node_modules/@sentropic/mcp-auth": {
      "version": "0.2.1",
      "resolved": "https://registry.npmjs.org/@sentropic/mcp-auth/-/mcp-auth-0.2.1.tgz",
      "integrity": "sha512-SZSTMWjcxYLQp8tpLUufTYGQp7DhOUWD/Qndb/nzjkKHsXLvteFEse9Ak/92G/25EctZ5Jnq0sEljvXl+7NG/g==",
      "license": "MIT",
      "dependencies": {
        "@sentropic/oauth-verify": "^0.1.0"
      },
      "peerDependencies": {
        "hono": "^4.10.7",
        "jose": "^5.10.0"
      },
      "peerDependenciesMeta": {
        "hono": {
          "optional": true
        }
      }
    },
    "node_modules/@sentropic/oauth-verify": {
      "version": "0.1.0",
      "resolved": "https://registry.npmjs.org/@sentropic/oauth-verify/-/oauth-verify-0.1.0.tgz",
      "integrity": "sha512-wtm/5KwnZka0PbDgCkGGk4RGQ6VqcIJwMbzMog/XgA1tBWNG/Y9lWmLZQyl1CUKCzl+Xm1OJCD/ESSsQYnYRPg==",
      "license": "MIT",
      "peerDependencies": {
        "jose": "^5.10.0"
      }
    },
    "node_modules/hono": {
      "version": "4.13.9",
      "resolved": "https://registry.npmjs.org/hono/-/hono-4.13.9.tgz",
      "integrity": "sha512-7dMkQmZoC4E6F7AtaQSPhlWAdnBti+j7rreMZl8QB4jFiEhP9TWbGWUMi8WYzBCgmgulxuvLQupKqo+Co6Omyg==",
      "license": "MIT",
      "engines": {
        "node": ">=16.9.0"
      }
    },
    "node_modules/jose": {
      "version": "5.10.0",
      "resolved": "https://registry.npmjs.org/jose/-/jose-5.10.0.tgz",
      "integrity": "sha512-s+3Al/p9g32Iq+oqXxkW//7jk2Vig6FF1CFqzVXoTUXt2qz89YWbL+OwS17NFYEvxC35n0FKeGO2LGYSxeM2Gg==",
      "license": "MIT",
      "funding": {
        "url": "https://github.com/sponsors/panva"
      }
    }
  }
}
